// !$*UTF8*$!
{
	archiveVersion = 1;
	classes = {
	};
	objectVersion = 50;
	objects = {

/* Begin PBXBuildFile section */
		15FDB47320F5925D003113CF /* AppDelegate.swift in Sources */ = {isa = PBXBuildFile; fileRef = 15FDB47220F5925D003113CF /* AppDelegate.swift */; };
		15FDB47520F5925D003113CF /* ViewController.swift in Sources */ = {isa = PBXBuildFile; fileRef = 15FDB47420F5925D003113CF /* ViewController.swift */; };
		15FDB47820F5925D003113CF /* Main.storyboard in Resources */ = {isa = PBXBuildFile; fileRef = 15FDB47620F5925D003113CF /* Main.storyboard */; };
		15FDB47A20F5925E003113CF /* Assets.xcassets in Resources */ = {isa = PBXBuildFile; fileRef = 15FDB47920F5925E003113CF /* Assets.xcassets */; };
		15FDB47D20F5925E003113CF /* LaunchScreen.storyboard in Resources */ = {isa = PBXBuildFile; fileRef = 15FDB47B20F5925E003113CF /* LaunchScreen.storyboard */; };
		15FDB48620F5938D003113CF /* MyBubbleChatCell.swift in Sources */ = {isa = PBXBuildFile; fileRef = 15FDB48420F5938D003113CF /* MyBubbleChatCell.swift */; };
		15FDB48720F5938D003113CF /* MyBubbleChatCell.xib in Resources */ = {isa = PBXBuildFile; fileRef = 15FDB48520F5938D003113CF /* MyBubbleChatCell.xib */; };
		15FDB48920F59BE0003113CF /* man.png in Resources */ = {isa = PBXBuildFile; fileRef = 15FDB48820F59BDF003113CF /* man.png */; };
		15FDB48C20F61AEE003113CF /* YourBubbleChatCell.swift in Sources */ = {isa = PBXBuildFile; fileRef = 15FDB48A20F61AEE003113CF /* YourBubbleChatCell.swift */; };
		15FDB48D20F61AEE003113CF /* YourBubbleChatCell.xib in Resources */ = {isa = PBXBuildFile; fileRef = 15FDB48B20F61AEE003113CF /* YourBubbleChatCell.xib */; };
/* End PBXBuildFile section */

/* Begin PBXFileReference section */
		15FDB46F20F5925D003113CF /* KakaoChat.app */ = {isa = PBXFileReference; explicitFileType = wrapper.application; includeInIndex = 0; path = KakaoChat.app; sourceTree = BUILT_PRODUCTS_DIR; };
		15FDB47220F5925D003113CF /* AppDelegate.swift */ = {isa = PBXFileReference; lastKnownFileType = sourcecode.swift; path = AppDelegate.swift; sourceTree = "<group>"; };
		15FDB47420F5925D003113CF /* ViewController.swift */ = {isa = PBXFileReference; lastKnownFileType = sourcecode.swift; path = ViewController.swift; sourceTree = "<group>"; };
		15FDB47720F5925D003113CF /* Base */ = {isa = PBXFileReference; lastKnownFileType = file.storyboard; name = Base; path = Base.lproj/Main.storyboard; sourceTree = "<group>"; };
		15FDB47920F5925E003113CF /* Assets.xcassets */ = {isa = PBXFileReference; lastKnownFileType = folder.assetcatalog; path = Assets.xcassets; sourceTree = "<group>"; };
		15FDB47C20F5925E003113CF /* Base */ = {isa = PBXFileReference; lastKnownFileType = file.storyboard; name = Base; path = Base.lproj/LaunchScreen.storyboard; sourceTree = "<group>"; };
		15FDB47E20F5925E003113CF /* Info.plist */ = {isa = PBXFileReference; lastKnownFileType = text.plist.xml; path = Info.plist; sourceTree = "<group>"; };
		15FDB48420F5938D003113CF /* MyBubbleChatCell.swift */ = {isa = PBXFileReference; lastKnownFileType = sourcecode.swift; path = MyBubbleChatCell.swift; sourceTree = "<group>"; };
		15FDB48520F5938D003113CF /* MyBubbleChatCell.xib */ = {isa = PBXFileReference; lastKnownFileType = file.xib; path = MyBubbleChatCell.xib; sourceTree = "<group>"; };
		15FDB48820F59BDF003113CF /* man.png */ = {isa = PBXFileReference; lastKnownFileType = image.png; path = man.png; sourceTree = "<group>"; };
		15FDB48A20F61AEE003113CF /* YourBubbleChatCell.swift */ = {isa = PBXFileReference; lastKnownFileType = sourcecode.swift; path = YourBubbleChatCell.swift; sourceTree = "<group>"; };
		15FDB48B20F61AEE003113CF /* YourBubbleChatCell.xib */ = {isa = PBXFileReference; lastKnownFileType = file.xib; path = YourBubbleChatCell.xib; sourceTree = "<group>"; };
/* End PBXFileReference section */

/* Begin PBXFrameworksBuildPhase section */
		15FDB46C20F5925D003113CF /* Frameworks */ = {
			isa = PBXFrameworksBuildPhase;
			buildActionMask = 2147483647;
			files = (
			);
			runOnlyForDeploymentPostprocessing = 0;
		};
/* End PBXFrameworksBuildPhase section */

/* Begin PBXGroup section */
		15FDB46620F5925D003113CF = {
			isa = PBXGroup;
			children = (
				15FDB47120F5925D003113CF /* KakaoChat */,
				15FDB47020F5925D003113CF /* Products */,
			);
			sourceTree = "<group>";
		};
		15FDB47020F5925D003113CF /* Products */ = {
			isa = PBXGroup;
			children = (
				15FDB46F20F5925D003113CF /* KakaoChat.app */,
			);
			name = Products;
			sourceTree = "<group>";
		};
		15FDB47120F5925D003113CF /* KakaoChat */ = {
			isa = PBXGroup;
			children = (
				15FDB47220F5925D003113CF /* AppDelegate.swift */,
				15FDB47420F5925D003113CF /* ViewController.swift */,
				15FDB47620F5925D003113CF /* Main.storyboard */,
				15FDB47920F5925E003113CF /* Assets.xcassets */,
				15FDB47B20F5925E003113CF /* LaunchScreen.storyboard */,
				15FDB47E20F5925E003113CF /* Info.plist */,
				15FDB48420F5938D003113CF /* MyBubbleChatCell.swift */,
				15FDB48520F5938D003113CF /* MyBubbleChatCell.xib */,
				15FDB48820F59BDF003113CF /* man.png */,
				15FDB48A20F61AEE003113CF /* YourBubbleChatCell.swift */,
				15FDB48B20F61AEE003113CF /* YourBubbleChatCell.xib */,
			);
			path = KakaoChat;
			sourceTree = "<group>";
		};
/* End PBXGroup section */

/* Begin PBXNativeTarget section */
		15FDB46E20F5925D003113CF /* KakaoChat */ = {
			isa = PBXNativeTarget;
			buildConfigurationList = 15FDB48120F5925E003113CF /* Build configuration list for PBXNativeTarget "KakaoChat" */;
			buildPhases = (
				15FDB46B20F5925D003113CF /* Sources */,
				15FDB46C20F5925D003113CF /* Frameworks */,
				15FDB46D20F5925D003113CF /* Resources */,
			);
			buildRules = (
			);
			dependencies = (
			);
			name = KakaoChat;
			productName = KakaoChat;
			productReference = 15FDB46F20F5925D003113CF /* KakaoChat.app */;
			productType = "com.apple.product-type.application";
		};
/* End PBXNativeTarget section */

/* Begin PBXProject section */
		15FDB46720F5925D003113CF /* Project object */ = {
			isa = PBXProject;
			attributes = {
				LastSwiftUpdateCheck = 0940;
				LastUpgradeCheck = 0940;
				ORGANIZATIONNAME = "김승진";
				TargetAttributes = {
					15FDB46E20F5925D003113CF = {
						CreatedOnToolsVersion = 9.4.1;
					};
				};
			};
			buildConfigurationList = 15FDB46A20F5925D003113CF /* Build configuration list for PBXProject "KakaoChat" */;
			compatibilityVersion = "Xcode 9.3";
			developmentRegion = en;
			hasScannedForEncodings = 0;
			knownRegions = (
				en,
				Base,
			);
			mainGroup = 15FDB46620F5925D003113CF;
			productRefGroup = 15FDB47020F5925D003113CF /* Products */;
			projectDirPath = "";
			projectRoot = "";
			targets = (
				15FDB46E20F5925D003113CF /* KakaoChat */,
			);
		};
/* End PBXProject section */

/* Begin PBXResourcesBuildPhase section */
		15FDB46D20F5925D003113CF /* Resources */ = {
			isa = PBXResourcesBuildPhase;
			buildActionMask = 2147483647;
			files = (
				15FDB47D20F5925E003113CF /* LaunchScreen.storyboard in Resources */,
				15FDB48920F59BE0003113CF /* man.png in Resources */,
				15FDB48D20F61AEE003113CF /* YourBubbleChatCell.xib in Resources */,
				15FDB47A20F5925E003113CF /* Assets.xcassets in Resources */,
				15FDB47820F5925D003113CF /* Main.storyboard in Resources */,
				15FDB48720F5938D003113CF /* MyBubbleChatCell.xib in Resources */,
			);
			runOnlyForDeploymentPostprocessing = 0;
		};
/* End PBXResourcesBuildPhase section */

/* Begin PBXSourcesBuildPhase section */
		15FDB46B20F5925D003113CF /* Sources */ = {
			isa = PBXSourcesBuildPhase;
			buildActionMask = 2147483647;
			files = (
				15FDB47520F5925D003113CF /* ViewController.swift in Sources */,
				15FDB47320F5925D003113CF /* AppDelegate.swift in Sources */,
				15FDB48C20F61AEE003113CF /* YourBubbleChatCell.swift in Sources */,
				15FDB48620F5938D003113CF /* MyBubbleChatCell.swift in Sources */,
			);
			runOnlyForDeploymentPostprocessing = 0;
		};
/* End PBXSourcesBuildPhase section */

/* Begin PBXVariantGroup section */
		15FDB47620F5925D003113CF /* Main.storyboard */ = {
			isa = PBXVariantGroup;
			children = (
				15FDB47720F5925D003113CF /* Base */,
			);
			name = Main.storyboard;
			sourceTree = "<group>";
		};
		15FDB47B20F5925E003113CF /* LaunchScreen.storyboard */ = {
			isa = PBXVariantGroup;
			children = (
				15FDB47C20F5925E003113CF /* Base */,
			);
			name = LaunchScreen.storyboard;
			sourceTree = "<group>";
		};
/* End PBXVariantGroup section */

/* Begin XCBuildConfiguration section */
		15FDB47F20F5925E003113CF /* Debug */ = {
			isa = XCBuildConfiguration;
			buildSettings = {
				ALWAYS_SEARCH_USER_PATHS = NO;
				CLANG_ANALYZER_NONNULL = YES;
				CLANG_ANALYZER_NUMBER_OBJECT_CONVERSION = YES_AGGRESSIVE;
				CLANG_CXX_LANGUAGE_STANDARD = "gnu++14";
				CLANG_CXX_LIBRARY = "libc++";
				CLANG_ENABLE_MODULES = YES;
				CLANG_ENABLE_OBJC_ARC = YES;
				CLANG_ENABLE_OBJC_WEAK = YES;
				CLANG_WARN_BLOCK_CAPTURE_AUTORELEASING = YES;
				CLANG_WARN_BOOL_CONVERSION = YES;
				CLANG_WARN_COMMA = YES;
				CLANG_WARN_CONSTANT_CONVERSION = YES;
				CLANG_WARN_DEPRECATED_OBJC_IMPLEMENTATIONS = YES;
				CLANG_WARN_DIRECT_OBJC_ISA_USAGE = YES_ERROR;
				CLANG_WARN_DOCUMENTATION_COMMENTS = YES;
				CLANG_WARN_EMPTY_BODY = YES;
				CLANG_WARN_ENUM_CONVERSION = YES;
				CLANG_WARN_INFINITE_RECURSION = YES;
				CLANG_WARN_INT_CONVERSION = YES;
				CLANG_WARN_NON_LITERAL_NULL_CONVERSION = YES;
				CLANG_WARN_OBJC_IMPLICIT_RETAIN_SELF = YES;
				CLANG_WARN_OBJC_LITERAL_CONVERSION = YES;
				CLANG_WARN_OBJC_ROOT_CLASS = YES_ERROR;
				CLANG_WARN_RANGE_LOOP_ANALYSIS = YES;
				CLANG_WARN_STRICT_PROTOTYPES = YES;
				CLANG_WARN_SUSPICIOUS_MOVE = YES;
				CLANG_WARN_UNGUARDED_AVAILABILITY = YES_AGGRESSIVE;
				CLANG_WARN_UNREACHABLE_CODE = YES;
				CLANG_WARN__DUPLICATE_METHOD_MATCH = YES;
				CODE_SIGN_IDENTITY = "iPhone Developer";
				COPY_PHASE_STRIP = NO;
				DEBUG_INFORMATION_FORMAT = dwarf;
				ENABLE_STRICT_OBJC_MSGSEND = YES;
				ENABLE_TESTABILITY = YES;
				GCC_C_LANGUAGE_STANDARD = gnu11;
				GCC_DYNAMIC_NO_PIC = NO;
				GCC_NO_COMMON_BLOCKS = YES;
				GCC_OPTIMIZATION_LEVEL = 0;
				GCC_PREPROCESSOR_DEFINITIONS = (
					"DEBUG=1",
					"$(inherited)",
				);
				GCC_WARN_64_TO_32_BIT_CONVERSION = YES;
				GCC_WARN_ABOUT_RETURN_TYPE = YES_ERROR;
				GCC_WARN_UNDECLARED_SELECTOR = YES;
				GCC_WARN_UNINITIALIZED_AUTOS = YES_AGGRESSIVE;
				GCC_WARN_UNUSED_FUNCTION = YES;
				GCC_WARN_UNUSED_VARIABLE = YES;
				IPHONEOS_DEPLOYMENT_TARGET = 11.4;
				MTL_ENABLE_DEBUG_INFO = YES;
				ONLY_ACTIVE_ARCH = YES;
				SDKROOT = iphoneos;
				SWIFT_ACTIVE_COMPILATION_CONDITIONS = DEBUG;
				SWIFT_OPTIMIZATION_LEVEL = "-Onone";
			};
			name = Debug;
		};
		15FDB48020F5925E003113CF /* Release */ = {
			isa = XCBuildConfiguration;
			buildSettings = {
				ALWAYS_SEARCH_USER_PATHS = NO;
				CLANG_ANALYZER_NONNULL = YES;
				CLANG_ANALYZER_NUMBER_OBJECT_CONVERSION = YES_AGGRESSIVE;
				CLANG_CXX_LANGUAGE_STANDARD = "gnu++14";
				CLANG_CXX_LIBRARY = "libc++";
				CLANG_ENABLE_MODULES = YES;
				CLANG_ENABLE_OBJC_ARC = YES;
				CLANG_ENABLE_OBJC_WEAK = YES;
				CLANG_WARN_BLOCK_CAPTURE_AUTORELEASING = YES;
				CLANG_WARN_BOOL_CONVERSION = YES;
				CLANG_WARN_COMMA = YES;
				CLANG_WARN_CONSTANT_CONVERSION = YES;
				CLANG_WARN_DEPRECATED_OBJC_IMPLEMENTATIONS = YES;
				CLANG_WARN_DIRECT_OBJC_ISA_USAGE = YES_ERROR;
				CLANG_WARN_DOCUMENTATION_COMMENTS = YES;
				CLANG_WARN_EMPTY_BODY = YES;
				CLANG_WARN_ENUM_CONVERSION = YES;
				CLANG_WARN_INFINITE_RECURSION = YES;
				CLANG_WARN_INT_CONVERSION = YES;
				CLANG_WARN_NON_LITERAL_NULL_CONVERSION = YES;
				CLANG_WARN_OBJC_IMPLICIT_RETAIN_SELF = YES;
				CLANG_WARN_OBJC_LITERAL_CONVERSION = YES;
				CLANG_WARN_OBJC_ROOT_CLASS = YES_ERROR;
				CLANG_WARN_RANGE_LOOP_ANALYSIS = YES;
				CLANG_WARN_STRICT_PROTOTYPES = YES;
				CLANG_WARN_SUSPICIOUS_MOVE = YES;
				CLANG_WARN_UNGUARDED_AVAILABILITY = YES_AGGRESSIVE;
				CLANG_WARN_UNREACHABLE_CODE = YES;
				CLANG_WARN__DUPLICATE_METHOD_MATCH = YES;
				CODE_SIGN_IDENTITY = "iPhone Developer";
				COPY_PHASE_STRIP = NO;
				DEBUG_INFORMATION_FORMAT = "dwarf-with-dsym";
				ENABLE_NS_ASSERTIONS = NO;
				ENABLE_STRICT_OBJC_MSGSEND = YES;
				GCC_C_LANGUAGE_STANDARD = gnu11;
				GCC_NO_COMMON_BLOCKS = YES;
				GCC_WARN_64_TO_32_BIT_CONVERSION = YES;
				GCC_WARN_ABOUT_RETURN_TYPE = YES_ERROR;
				GCC_WARN_UNDECLARED_SELECTOR = YES;
				GCC_WARN_UNINITIALIZED_AUTOS = YES_AGGRESSIVE;
				GCC_WARN_UNUSED_FUNCTION = YES;
				GCC_WARN_UNUSED_VARIABLE = YES;
				IPHONEOS_DEPLOYMENT_TARGET = 11.4;
				MTL_ENABLE_DEBUG_INFO = NO;
				SDKROOT = iphoneos;
				SWIFT_COMPILATION_MODE = wholemodule;
				SWIFT_OPTIMIZATION_LEVEL = "-O";
				VALIDATE_PRODUCT = YES;
			};
			name = Release;
		};
		15FDB48220F5925E003113CF /* Debug */ = {
			isa = XCBuildConfiguration;
			buildSettings = {
				ASSETCATALOG_COMPILER_APPICON_NAME = AppIcon;
				CODE_SIGN_STYLE = Automatic;
				DEVELOPMENT_TEAM = CNMQE42DQF;
				INFOPLIST_FILE = KakaoChat/Info.plist;
				LD_RUNPATH_SEARCH_PATHS = (
					"$(inherited)",
					"@executable_path/Frameworks",
				);
				PRODUCT_BUNDLE_IDENTIFIER = com.JinTonic.KakaoChat;
				PRODUCT_NAME = "$(TARGET_NAME)";
				SWIFT_VERSION = 4.0;
				TARGETED_DEVICE_FAMILY = "1,2";
			};
			name = Debug;
		};
		15FDB48320F5925E003113CF /* Release */ = {
			isa = XCBuildConfiguration;
			buildSettings = {
				ASSETCATALOG_COMPILER_APPICON_NAME = AppIcon;
				CODE_SIGN_STYLE = Automatic;
				DEVELOPMENT_TEAM = CNMQE42DQF;
				INFOPLIST_FILE = KakaoChat/Info.plist;
				LD_RUNPATH_SEARCH_PATHS = (
					"$(inherited)",
					"@executable_path/Frameworks",
				);
				PRODUCT_BUNDLE_IDENTIFIER = com.JinTonic.KakaoChat;
				PRODUCT_NAME = "$(TARGET_NAME)";
				SWIFT_VERSION = 4.0;
				TARGETED_DEVICE_FAMILY = "1,2";
			};
			name = Release;
		};
/* End XCBuildConfiguration section */

/* Begin XCConfigurationList section */
		15FDB46A20F5925D003113CF /* Build configuration list for PBXProject "KakaoChat" */ = {
			isa = XCConfigurationList;
			buildConfigurations = (
				15FDB47F20F5925E003113CF /* Debug */,
				15FDB48020F5925E003113CF /* Release */,
			);
			defaultConfigurationIsVisible = 0;
			defaultConfigurationName = Release;
		};
		15FDB48120F5925E003113CF /* Build configuration list for PBXNativeTarget "KakaoChat" */ = {
			isa = XCConfigurationList;
			buildConfigurations = (
				15FDB48220F5925E003113CF /* Debug */,
				15FDB48320F5925E003113CF /* Release */,
			);
			defaultConfigurationIsVisible = 0;
			defaultConfigurationName = Release;
		};
/* End XCConfigurationList section */
	};
	rootObject = 15FDB46720F5925D003113CF /* Project object */;
}
